
Microsoft Visual Studio Solution File, Format Version 12.00
# Visual Studio 14
VisualStudioVersion = 14.0.23107.0
MinimumVisualStudioVersion = 10.0.40219.1
Project("{FAE04EC0-301F-11D3-BF4B-00C04F79EFBC}") = "Capa_Presentacion", "SisReservaLotes\Capa_Presentacion.csproj", "{A569A4E3-CC4E-4D81-9D59-12113972C193}"
EndProject
Project("{FAE04EC0-301F-11D3-BF4B-00C04F79EFBC}") = "Capa_Negocio", "Capa_Negocio\Capa_Negocio.csproj", "{F23E28EC-9022-44CD-BDC0-BE05374F8393}"
EndProject
Project("{FAE04EC0-301F-11D3-BF4B-00C04F79EFBC}") = "Capa_Datos", "Capa_Datos\Capa_Datos.csproj", "{9A51CB20-C79B-4FF8-BDE8-9ADA1114F134}"
EndProject
Global
	GlobalSection(SolutionConfigurationPlatforms) = preSolution
		Debug|Any CPU = Debug|Any CPU
		Release|Any CPU = Release|Any CPU
	EndGlobalSection
	GlobalSection(ProjectConfigurationPlatforms) = postSolution
		{A569A4E3-CC4E-4D81-9D59-12113972C193}.Debug|Any CPU.ActiveCfg = Debug|Any CPU
		{A569A4E3-CC4E-4D81-9D59-12113972C193}.Debug|Any CPU.Build.0 = Debug|Any CPU
		{A569A4E3-CC4E-4D81-9D59-12113972C193}.Release|Any CPU.ActiveCfg = Release|Any CPU
		{A569A4E3-CC4E-4D81-9D59-12113972C193}.Release|Any CPU.Build.0 = Release|Any CPU
		{F23E28EC-9022-44CD-BDC0-BE05374F8393}.Debug|Any CPU.ActiveCfg = Debug|Any CPU
		{F23E28EC-9022-44CD-BDC0-BE05374F8393}.Debug|Any CPU.Build.0 = Debug|Any CPU
		{F23E28EC-9022-44CD-BDC0-BE05374F8393}.Release|Any CPU.ActiveCfg = Release|Any CPU
		{F23E28EC-9022-44CD-BDC0-BE05374F8393}.Release|Any CPU.Build.0 = Release|Any CPU
		{9A51CB20-C79B-4FF8-BDE8-9ADA1114F134}.Debug|Any CPU.ActiveCfg = Debug|Any CPU
		{9A51CB20-C79B-4FF8-BDE8-9ADA1114F134}.Debug|Any CPU.Build.0 = Debug|Any CPU
		{9A51CB20-C79B-4FF8-BDE8-9ADA1114F134}.Release|Any CPU.ActiveCfg = Release|Any CPU
		{9A51CB20-C79B-4FF8-BDE8-9ADA1114F134}.Release|Any CPU.Build.0 = Release|Any CPU
	EndGlobalSection
	GlobalSection(SolutionProperties) = preSolution
		HideSolutionNode = FALSE
	EndGlobalSection
EndGlobal
